// !$*UTF8*$!
{
	archiveVersion = 1;
	classes = {
	};
	objectVersion = 50;
	objects = {

/* Begin PBXBuildFile section */
		A312F4E121B8084500946148 /* AppDelegate.swift in Sources */ = {isa = PBXBuildFile; fileRef = A312F4E021B8084500946148 /* AppDelegate.swift */; };
		A312F4E621B8084500946148 /* Main.storyboard in Resources */ = {isa = PBXBuildFile; fileRef = A312F4E421B8084500946148 /* Main.storyboard */; };
		A312F4E821B8084500946148 /* Assets.xcassets in Resources */ = {isa = PBXBuildFile; fileRef = A312F4E721B8084500946148 /* Assets.xcassets */; };
		A312F4EB21B8084500946148 /* LaunchScreen.storyboard in Resources */ = {isa = PBXBuildFile; fileRef = A312F4E921B8084500946148 /* LaunchScreen.storyboard */; };
		A3C3F83921BAEE620045593A /* MovieListTableViewController.swift in Sources */ = {isa = PBXBuildFile; fileRef = A3C3F83821BAEE620045593A /* MovieListTableViewController.swift */; };
		A3C3F83B21BAEE7E0045593A /* MovieListCollectionViewController.swift in Sources */ = {isa = PBXBuildFile; fileRef = A3C3F83A21BAEE7E0045593A /* MovieListCollectionViewController.swift */; };
		A3C3F83F21BAEECE0045593A /* MovieListTableViewCell.swift in Sources */ = {isa = PBXBuildFile; fileRef = A3C3F83E21BAEECE0045593A /* MovieListTableViewCell.swift */; };
		A3C3F84121BAEEF80045593A /* MovieListCollectionViewCell.swift in Sources */ = {isa = PBXBuildFile; fileRef = A3C3F84021BAEEF80045593A /* MovieListCollectionViewCell.swift */; };
		A3C3F84421BAF05A0045593A /* MovieDetailViewController.swift in Sources */ = {isa = PBXBuildFile; fileRef = A3C3F84321BAF05A0045593A /* MovieDetailViewController.swift */; };
		A3C3F84721BAF0D40045593A /* MovieThumbImageViewController.swift in Sources */ = {isa = PBXBuildFile; fileRef = A3C3F84621BAF0D40045593A /* MovieThumbImageViewController.swift */; };
		A3C3F84B21BAF5E90045593A /* HandleLargeThumbImageProtocol.swift in Sources */ = {isa = PBXBuildFile; fileRef = A3C3F84A21BAF5E90045593A /* HandleLargeThumbImageProtocol.swift */; };
		A3C3F84D21BB713C0045593A /* MovieAPI.swift in Sources */ = {isa = PBXBuildFile; fileRef = A3C3F84C21BB713C0045593A /* MovieAPI.swift */; };
		A3C3F85221BB75010045593A /* NetworkingError.swift in Sources */ = {isa = PBXBuildFile; fileRef = A3C3F85121BB75010045593A /* NetworkingError.swift */; };
		A3C3F85421BB76550045593A /* MovieList.swift in Sources */ = {isa = PBXBuildFile; fileRef = A3C3F85321BB76550045593A /* MovieList.swift */; };
		A3C3F85621BB77990045593A /* MovieDetail.swift in Sources */ = {isa = PBXBuildFile; fileRef = A3C3F85521BB77990045593A /* MovieDetail.swift */; };
		A3C3F85821BB79520045593A /* Comments.swift in Sources */ = {isa = PBXBuildFile; fileRef = A3C3F85721BB79520045593A /* Comments.swift */; };
		A3C3F85D21BCB9BE0045593A /* ImageUtilityProtocol.swift in Sources */ = {isa = PBXBuildFile; fileRef = A3C3F85C21BCB9BE0045593A /* ImageUtilityProtocol.swift */; };
/* End PBXBuildFile section */

/* Begin PBXFileReference section */
		A312F4DD21B8084500946148 /* boxoffice_boostcamp_3_ios.app */ = {isa = PBXFileReference; explicitFileType = wrapper.application; includeInIndex = 0; path = boxoffice_boostcamp_3_ios.app; sourceTree = BUILT_PRODUCTS_DIR; };
		A312F4E021B8084500946148 /* AppDelegate.swift */ = {isa = PBXFileReference; lastKnownFileType = sourcecode.swift; path = AppDelegate.swift; sourceTree = "<group>"; };
		A312F4E521B8084500946148 /* Base */ = {isa = PBXFileReference; lastKnownFileType = file.storyboard; name = Base; path = Base.lproj/Main.storyboard; sourceTree = "<group>"; };
		A312F4E721B8084500946148 /* Assets.xcassets */ = {isa = PBXFileReference; lastKnownFileType = folder.assetcatalog; path = Assets.xcassets; sourceTree = "<group>"; };
		A312F4EA21B8084500946148 /* Base */ = {isa = PBXFileReference; lastKnownFileType = file.storyboard; name = Base; path = Base.lproj/LaunchScreen.storyboard; sourceTree = "<group>"; };
		A312F4EC21B8084500946148 /* Info.plist */ = {isa = PBXFileReference; lastKnownFileType = text.plist.xml; path = Info.plist; sourceTree = "<group>"; };
		A3C3F83821BAEE620045593A /* MovieListTableViewController.swift */ = {isa = PBXFileReference; lastKnownFileType = sourcecode.swift; path = MovieListTableViewController.swift; sourceTree = "<group>"; };
		A3C3F83A21BAEE7E0045593A /* MovieListCollectionViewController.swift */ = {isa = PBXFileReference; lastKnownFileType = sourcecode.swift; path = MovieListCollectionViewController.swift; sourceTree = "<group>"; };
		A3C3F83E21BAEECE0045593A /* MovieListTableViewCell.swift */ = {isa = PBXFileReference; lastKnownFileType = sourcecode.swift; path = MovieListTableViewCell.swift; sourceTree = "<group>"; };
		A3C3F84021BAEEF80045593A /* MovieListCollectionViewCell.swift */ = {isa = PBXFileReference; lastKnownFileType = sourcecode.swift; path = MovieListCollectionViewCell.swift; sourceTree = "<group>"; };
		A3C3F84321BAF05A0045593A /* MovieDetailViewController.swift */ = {isa = PBXFileReference; lastKnownFileType = sourcecode.swift; path = MovieDetailViewController.swift; sourceTree = "<group>"; };
		A3C3F84621BAF0D40045593A /* MovieThumbImageViewController.swift */ = {isa = PBXFileReference; lastKnownFileType = sourcecode.swift; path = MovieThumbImageViewController.swift; sourceTree = "<group>"; };
		A3C3F84A21BAF5E90045593A /* HandleLargeThumbImageProtocol.swift */ = {isa = PBXFileReference; lastKnownFileType = sourcecode.swift; path = HandleLargeThumbImageProtocol.swift; sourceTree = "<group>"; };
		A3C3F84C21BB713C0045593A /* MovieAPI.swift */ = {isa = PBXFileReference; lastKnownFileType = sourcecode.swift; path = MovieAPI.swift; sourceTree = "<group>"; };
		A3C3F85121BB75010045593A /* NetworkingError.swift */ = {isa = PBXFileReference; lastKnownFileType = sourcecode.swift; path = NetworkingError.swift; sourceTree = "<group>"; };
		A3C3F85321BB76550045593A /* MovieList.swift */ = {isa = PBXFileReference; lastKnownFileType = sourcecode.swift; path = MovieList.swift; sourceTree = "<group>"; };
		A3C3F85521BB77990045593A /* MovieDetail.swift */ = {isa = PBXFileReference; lastKnownFileType = sourcecode.swift; path = MovieDetail.swift; sourceTree = "<group>"; };
		A3C3F85721BB79520045593A /* Comments.swift */ = {isa = PBXFileReference; lastKnownFileType = sourcecode.swift; path = Comments.swift; sourceTree = "<group>"; };
		A3C3F85C21BCB9BE0045593A /* ImageUtilityProtocol.swift */ = {isa = PBXFileReference; lastKnownFileType = sourcecode.swift; path = ImageUtilityProtocol.swift; sourceTree = "<group>"; };
/* End PBXFileReference section */

/* Begin PBXFrameworksBuildPhase section */
		A312F4DA21B8084500946148 /* Frameworks */ = {
			isa = PBXFrameworksBuildPhase;
			buildActionMask = 2147483647;
			files = (
			);
			runOnlyForDeploymentPostprocessing = 0;
		};
/* End PBXFrameworksBuildPhase section */

/* Begin PBXGroup section */
		A312F4D421B8084500946148 = {
			isa = PBXGroup;
			children = (
				A312F4DF21B8084500946148 /* boxoffice_boostcamp_3_ios */,
				A312F4DE21B8084500946148 /* Products */,
			);
			sourceTree = "<group>";
		};
		A312F4DE21B8084500946148 /* Products */ = {
			isa = PBXGroup;
			children = (
				A312F4DD21B8084500946148 /* boxoffice_boostcamp_3_ios.app */,
			);
			name = Products;
			sourceTree = "<group>";
		};
		A312F4DF21B8084500946148 /* boxoffice_boostcamp_3_ios */ = {
			isa = PBXGroup;
			children = (
				A312F4E021B8084500946148 /* AppDelegate.swift */,
				A3C3F84221BAEF0C0045593A /* ViewController */,
				A3C3F83D21BAEE980045593A /* Models */,
				A3C3F84E21BB73320045593A /* API */,
				A3C3F84921BAF4A70045593A /* Protocol */,
				A312F4E421B8084500946148 /* Main.storyboard */,
				A312F4E721B8084500946148 /* Assets.xcassets */,
				A312F4E921B8084500946148 /* LaunchScreen.storyboard */,
				A312F4EC21B8084500946148 /* Info.plist */,
			);
			path = boxoffice_boostcamp_3_ios;
			sourceTree = "<group>";
		};
		A3C3F83C21BAEE830045593A /* MovieListCollectionView */ = {
			isa = PBXGroup;
			children = (
				A3C3F84021BAEEF80045593A /* MovieListCollectionViewCell.swift */,
				A3C3F83A21BAEE7E0045593A /* MovieListCollectionViewController.swift */,
			);
			path = MovieListCollectionView;
			sourceTree = "<group>";
		};
		A3C3F83D21BAEE980045593A /* Models */ = {
			isa = PBXGroup;
			children = (
				A3C3F85321BB76550045593A /* MovieList.swift */,
				A3C3F85521BB77990045593A /* MovieDetail.swift */,
				A3C3F85721BB79520045593A /* Comments.swift */,
			);
			path = Models;
			sourceTree = "<group>";
		};
		A3C3F84221BAEF0C0045593A /* ViewController */ = {
			isa = PBXGroup;
			children = (
				A3FF515421B80FFE00B1A10C /* MovieListTableView */,
				A3C3F83C21BAEE830045593A /* MovieListCollectionView */,
				A3C3F84521BAF0620045593A /* MovieInformationView */,
				A3C3F84821BAF0D90045593A /* MoviePosterView */,
			);
			path = ViewController;
			sourceTree = "<group>";
		};
		A3C3F84521BAF0620045593A /* MovieInformationView */ = {
			isa = PBXGroup;
			children = (
				A3C3F84321BAF05A0045593A /* MovieDetailViewController.swift */,
			);
			path = MovieInformationView;
			sourceTree = "<group>";
		};
		A3C3F84821BAF0D90045593A /* MoviePosterView */ = {
			isa = PBXGroup;
			children = (
				A3C3F84621BAF0D40045593A /* MovieThumbImageViewController.swift */,
			);
			path = MoviePosterView;
			sourceTree = "<group>";
		};
		A3C3F84921BAF4A70045593A /* Protocol */ = {
			isa = PBXGroup;
			children = (
				A3C3F84A21BAF5E90045593A /* HandleLargeThumbImageProtocol.swift */,
				A3C3F85C21BCB9BE0045593A /* ImageUtilityProtocol.swift */,
			);
			path = Protocol;
			sourceTree = "<group>";
		};
		A3C3F84E21BB73320045593A /* API */ = {
			isa = PBXGroup;
			children = (
				A3C3F85121BB75010045593A /* NetworkingError.swift */,
				A3C3F84C21BB713C0045593A /* MovieAPI.swift */,
			);
			path = API;
			sourceTree = "<group>";
		};
		A3FF515421B80FFE00B1A10C /* MovieListTableView */ = {
			isa = PBXGroup;
			children = (
				A3C3F83E21BAEECE0045593A /* MovieListTableViewCell.swift */,
				A3C3F83821BAEE620045593A /* MovieListTableViewController.swift */,
			);
			path = MovieListTableView;
			sourceTree = "<group>";
		};
/* End PBXGroup section */

/* Begin PBXNativeTarget section */
		A312F4DC21B8084500946148 /* boxoffice_boostcamp_3_ios */ = {
			isa = PBXNativeTarget;
			buildConfigurationList = A312F4EF21B8084500946148 /* Build configuration list for PBXNativeTarget "boxoffice_boostcamp_3_ios" */;
			buildPhases = (
				A312F4D921B8084500946148 /* Sources */,
				A312F4DA21B8084500946148 /* Frameworks */,
				A312F4DB21B8084500946148 /* Resources */,
			);
			buildRules = (
			);
			dependencies = (
			);
			name = boxoffice_boostcamp_3_ios;
			productName = boxoffice_boostcamp_3_ios;
			productReference = A312F4DD21B8084500946148 /* boxoffice_boostcamp_3_ios.app */;
			productType = "com.apple.product-type.application";
		};
/* End PBXNativeTarget section */

/* Begin PBXProject section */
		A312F4D521B8084500946148 /* Project object */ = {
			isa = PBXProject;
			attributes = {
				LastSwiftUpdateCheck = 1010;
				LastUpgradeCheck = 1010;
				ORGANIZATIONNAME = "Seonghun Kim";
				TargetAttributes = {
					A312F4DC21B8084500946148 = {
						CreatedOnToolsVersion = 10.1;
					};
				};
			};
			buildConfigurationList = A312F4D821B8084500946148 /* Build configuration list for PBXProject "boxoffice_boostcamp_3_ios" */;
			compatibilityVersion = "Xcode 9.3";
			developmentRegion = en;
			hasScannedForEncodings = 0;
			knownRegions = (
				en,
				Base,
			);
			mainGroup = A312F4D421B8084500946148;
			productRefGroup = A312F4DE21B8084500946148 /* Products */;
			projectDirPath = "";
			projectRoot = "";
			targets = (
				A312F4DC21B8084500946148 /* boxoffice_boostcamp_3_ios */,
			);
		};
/* End PBXProject section */

/* Begin PBXResourcesBuildPhase section */
		A312F4DB21B8084500946148 /* Resources */ = {
			isa = PBXResourcesBuildPhase;
			buildActionMask = 2147483647;
			files = (
				A312F4EB21B8084500946148 /* LaunchScreen.storyboard in Resources */,
				A312F4E821B8084500946148 /* Assets.xcassets in Resources */,
				A312F4E621B8084500946148 /* Main.storyboard in Resources */,
			);
			runOnlyForDeploymentPostprocessing = 0;
		};
/* End PBXResourcesBuildPhase section */

/* Begin PBXSourcesBuildPhase section */
		A312F4D921B8084500946148 /* Sources */ = {
			isa = PBXSourcesBuildPhase;
			buildActionMask = 2147483647;
			files = (
				A3C3F84B21BAF5E90045593A /* HandleLargeThumbImageProtocol.swift in Sources */,
				A3C3F85821BB79520045593A /* Comments.swift in Sources */,
				A3C3F83921BAEE620045593A /* MovieListTableViewController.swift in Sources */,
				A3C3F84121BAEEF80045593A /* MovieListCollectionViewCell.swift in Sources */,
				A3C3F85621BB77990045593A /* MovieDetail.swift in Sources */,
				A3C3F85D21BCB9BE0045593A /* ImageUtilityProtocol.swift in Sources */,
				A3C3F83B21BAEE7E0045593A /* MovieListCollectionViewController.swift in Sources */,
				A3C3F85221BB75010045593A /* NetworkingError.swift in Sources */,
				A3C3F85421BB76550045593A /* MovieList.swift in Sources */,
				A3C3F83F21BAEECE0045593A /* MovieListTableViewCell.swift in Sources */,
				A3C3F84421BAF05A0045593A /* MovieDetailViewController.swift in Sources */,
				A3C3F84D21BB713C0045593A /* MovieAPI.swift in Sources */,
				A3C3F84721BAF0D40045593A /* MovieThumbImageViewController.swift in Sources */,
				A312F4E121B8084500946148 /* AppDelegate.swift in Sources */,
			);
			runOnlyForDeploymentPostprocessing = 0;
		};
/* End PBXSourcesBuildPhase section */

/* Begin PBXVariantGroup section */
		A312F4E421B8084500946148 /* Main.storyboard */ = {
			isa = PBXVariantGroup;
			children = (
				A312F4E521B8084500946148 /* Base */,
			);
			name = Main.storyboard;
			sourceTree = "<group>";
		};
		A312F4E921B8084500946148 /* LaunchScreen.storyboard */ = {
			isa = PBXVariantGroup;
			children = (
				A312F4EA21B8084500946148 /* Base */,
			);
			name = LaunchScreen.storyboard;
			sourceTree = "<group>";
		};
/* End PBXVariantGroup section */

/* Begin XCBuildConfiguration section */
		A312F4ED21B8084500946148 /* Debug */ = {
			isa = XCBuildConfiguration;
			buildSettings = {
				ALWAYS_SEARCH_USER_PATHS = NO;
				CLANG_ANALYZER_NONNULL = YES;
				CLANG_ANALYZER_NUMBER_OBJECT_CONVERSION = YES_AGGRESSIVE;
				CLANG_CXX_LANGUAGE_STANDARD = "gnu++14";
				CLANG_CXX_LIBRARY = "libc++";
				CLANG_ENABLE_MODULES = YES;
				CLANG_ENABLE_OBJC_ARC = YES;
				CLANG_ENABLE_OBJC_WEAK = YES;
				CLANG_WARN_BLOCK_CAPTURE_AUTORELEASING = YES;
				CLANG_WARN_BOOL_CONVERSION = YES;
				CLANG_WARN_COMMA = YES;
				CLANG_WARN_CONSTANT_CONVERSION = YES;
				CLANG_WARN_DEPRECATED_OBJC_IMPLEMENTATIONS = YES;
				CLANG_WARN_DIRECT_OBJC_ISA_USAGE = YES_ERROR;
				CLANG_WARN_DOCUMENTATION_COMMENTS = YES;
				CLANG_WARN_EMPTY_BODY = YES;
				CLANG_WARN_ENUM_CONVERSION = YES;
				CLANG_WARN_INFINITE_RECURSION = YES;
				CLANG_WARN_INT_CONVERSION = YES;
				CLANG_WARN_NON_LITERAL_NULL_CONVERSION = YES;
				CLANG_WARN_OBJC_IMPLICIT_RETAIN_SELF = YES;
				CLANG_WARN_OBJC_LITERAL_CONVERSION = YES;
				CLANG_WARN_OBJC_ROOT_CLASS = YES_ERROR;
				CLANG_WARN_RANGE_LOOP_ANALYSIS = YES;
				CLANG_WARN_STRICT_PROTOTYPES = YES;
				CLANG_WARN_SUSPICIOUS_MOVE = YES;
				CLANG_WARN_UNGUARDED_AVAILABILITY = YES_AGGRESSIVE;
				CLANG_WARN_UNREACHABLE_CODE = YES;
				CLANG_WARN__DUPLICATE_METHOD_MATCH = YES;
				CODE_SIGN_IDENTITY = "iPhone Developer";
				COPY_PHASE_STRIP = NO;
				DEBUG_INFORMATION_FORMAT = dwarf;
				ENABLE_STRICT_OBJC_MSGSEND = YES;
				ENABLE_TESTABILITY = YES;
				GCC_C_LANGUAGE_STANDARD = gnu11;
				GCC_DYNAMIC_NO_PIC = NO;
				GCC_NO_COMMON_BLOCKS = YES;
				GCC_OPTIMIZATION_LEVEL = 0;
				GCC_PREPROCESSOR_DEFINITIONS = (
					"DEBUG=1",
					"$(inherited)",
				);
				GCC_WARN_64_TO_32_BIT_CONVERSION = YES;
				GCC_WARN_ABOUT_RETURN_TYPE = YES_ERROR;
				GCC_WARN_UNDECLARED_SELECTOR = YES;
				GCC_WARN_UNINITIALIZED_AUTOS = YES_AGGRESSIVE;
				GCC_WARN_UNUSED_FUNCTION = YES;
				GCC_WARN_UNUSED_VARIABLE = YES;
				IPHONEOS_DEPLOYMENT_TARGET = 12.1;
				MTL_ENABLE_DEBUG_INFO = INCLUDE_SOURCE;
				MTL_FAST_MATH = YES;
				ONLY_ACTIVE_ARCH = YES;
				SDKROOT = iphoneos;
				SWIFT_ACTIVE_COMPILATION_CONDITIONS = DEBUG;
				SWIFT_OPTIMIZATION_LEVEL = "-Onone";
			};
			name = Debug;
		};
		A312F4EE21B8084500946148 /* Release */ = {
			isa = XCBuildConfiguration;
			buildSettings = {
				ALWAYS_SEARCH_USER_PATHS = NO;
				CLANG_ANALYZER_NONNULL = YES;
				CLANG_ANALYZER_NUMBER_OBJECT_CONVERSION = YES_AGGRESSIVE;
				CLANG_CXX_LANGUAGE_STANDARD = "gnu++14";
				CLANG_CXX_LIBRARY = "libc++";
				CLANG_ENABLE_MODULES = YES;
				CLANG_ENABLE_OBJC_ARC = YES;
				CLANG_ENABLE_OBJC_WEAK = YES;
				CLANG_WARN_BLOCK_CAPTURE_AUTORELEASING = YES;
				CLANG_WARN_BOOL_CONVERSION = YES;
				CLANG_WARN_COMMA = YES;
				CLANG_WARN_CONSTANT_CONVERSION = YES;
				CLANG_WARN_DEPRECATED_OBJC_IMPLEMENTATIONS = YES;
				CLANG_WARN_DIRECT_OBJC_ISA_USAGE = YES_ERROR;
				CLANG_WARN_DOCUMENTATION_COMMENTS = YES;
				CLANG_WARN_EMPTY_BODY = YES;
				CLANG_WARN_ENUM_CONVERSION = YES;
				CLANG_WARN_INFINITE_RECURSION = YES;
				CLANG_WARN_INT_CONVERSION = YES;
				CLANG_WARN_NON_LITERAL_NULL_CONVERSION = YES;
				CLANG_WARN_OBJC_IMPLICIT_RETAIN_SELF = YES;
				CLANG_WARN_OBJC_LITERAL_CONVERSION = YES;
				CLANG_WARN_OBJC_ROOT_CLASS = YES_ERROR;
				CLANG_WARN_RANGE_LOOP_ANALYSIS = YES;
				CLANG_WARN_STRICT_PROTOTYPES = YES;
				CLANG_WARN_SUSPICIOUS_MOVE = YES;
				CLANG_WARN_UNGUARDED_AVAILABILITY = YES_AGGRESSIVE;
				CLANG_WARN_UNREACHABLE_CODE = YES;
				CLANG_WARN__DUPLICATE_METHOD_MATCH = YES;
				CODE_SIGN_IDENTITY = "iPhone Developer";
				COPY_PHASE_STRIP = NO;
				DEBUG_INFORMATION_FORMAT = "dwarf-with-dsym";
				ENABLE_NS_ASSERTIONS = NO;
				ENABLE_STRICT_OBJC_MSGSEND = YES;
				GCC_C_LANGUAGE_STANDARD = gnu11;
				GCC_NO_COMMON_BLOCKS = YES;
				GCC_WARN_64_TO_32_BIT_CONVERSION = YES;
				GCC_WARN_ABOUT_RETURN_TYPE = YES_ERROR;
				GCC_WARN_UNDECLARED_SELECTOR = YES;
				GCC_WARN_UNINITIALIZED_AUTOS = YES_AGGRESSIVE;
				GCC_WARN_UNUSED_FUNCTION = YES;
				GCC_WARN_UNUSED_VARIABLE = YES;
				IPHONEOS_DEPLOYMENT_TARGET = 12.1;
				MTL_ENABLE_DEBUG_INFO = NO;
				MTL_FAST_MATH = YES;
				SDKROOT = iphoneos;
				SWIFT_COMPILATION_MODE = wholemodule;
				SWIFT_OPTIMIZATION_LEVEL = "-O";
				VALIDATE_PRODUCT = YES;
			};
			name = Release;
		};
		A312F4F021B8084500946148 /* Debug */ = {
			isa = XCBuildConfiguration;
			buildSettings = {
				ASSETCATALOG_COMPILER_APPICON_NAME = AppIcon;
				CODE_SIGN_IDENTITY = "iPhone Developer";
				CODE_SIGN_STYLE = Automatic;
				DEVELOPMENT_TEAM = FUG5BV53BR;
				INFOPLIST_FILE = boxoffice_boostcamp_3_ios/Info.plist;
				LD_RUNPATH_SEARCH_PATHS = (
					"$(inherited)",
					"@executable_path/Frameworks",
				);
				PRODUCT_BUNDLE_IDENTIFIER = "seonghun.boxoffice-boostcamp-3-ios";
				PRODUCT_NAME = "$(TARGET_NAME)";
				PROVISIONING_PROFILE_SPECIFIER = "";
				SWIFT_VERSION = 4.2;
				TARGETED_DEVICE_FAMILY = "1,2";
			};
			name = Debug;
		};
		A312F4F121B8084500946148 /* Release */ = {
			isa = XCBuildConfiguration;
			buildSettings = {
				ASSETCATALOG_COMPILER_APPICON_NAME = AppIcon;
				CODE_SIGN_IDENTITY = "iPhone Developer";
				CODE_SIGN_STYLE = Automatic;
				DEVELOPMENT_TEAM = FUG5BV53BR;
				INFOPLIST_FILE = boxoffice_boostcamp_3_ios/Info.plist;
				LD_RUNPATH_SEARCH_PATHS = (
					"$(inherited)",
					"@executable_path/Frameworks",
				);
				PRODUCT_BUNDLE_IDENTIFIER = "seonghun.boxoffice-boostcamp-3-ios";
				PRODUCT_NAME = "$(TARGET_NAME)";
				PROVISIONING_PROFILE_SPECIFIER = "";
				SWIFT_VERSION = 4.2;
				TARGETED_DEVICE_FAMILY = "1,2";
			};
			name = Release;
		};
/* End XCBuildConfiguration section */

/* Begin XCConfigurationList section */
		A312F4D821B8084500946148 /* Build configuration list for PBXProject "boxoffice_boostcamp_3_ios" */ = {
			isa = XCConfigurationList;
			buildConfigurations = (
				A312F4ED21B8084500946148 /* Debug */,
				A312F4EE21B8084500946148 /* Release */,
			);
			defaultConfigurationIsVisible = 0;
			defaultConfigurationName = Release;
		};
		A312F4EF21B8084500946148 /* Build configuration list for PBXNativeTarget "boxoffice_boostcamp_3_ios" */ = {
			isa = XCConfigurationList;
			buildConfigurations = (
				A312F4F021B8084500946148 /* Debug */,
				A312F4F121B8084500946148 /* Release */,
			);
			defaultConfigurationIsVisible = 0;
			defaultConfigurationName = Release;
		};
/* End XCConfigurationList section */
	};
	rootObject = A312F4D521B8084500946148 /* Project object */;
}
